
Microsoft Visual Studio Solution File, Format Version 12.00
# Visual Studio Version 16
VisualStudioVersion = 16.0.31025.194
MinimumVisualStudioVersion = 10.0.40219.1
Project("{FAE04EC0-301F-11D3-BF4B-00C04F79EFBC}") = "Examen Parcial 1.Android", "Examen Parcial 1\Examen Parcial 1.Android\Examen Parcial 1.Android.csproj", "{EDB1E2D8-6A74-4F78-88E1-5881AF3396FC}"
EndProject
Project("{FAE04EC0-301F-11D3-BF4B-00C04F79EFBC}") = "Examen Parcial 1.iOS", "Examen Parcial 1\Examen Parcial 1.iOS\Examen Parcial 1.iOS.csproj", "{806F72E7-259A-41A3-848B-7CE08D2F3E91}"
EndProject
Project("{FAE04EC0-301F-11D3-BF4B-00C04F79EFBC}") = "Examen Parcial 1", "Examen Parcial 1\Examen Parcial 1\Examen Parcial 1.csproj", "{49A02453-FA3F-4F24-9A45-43032BB1894F}"
EndProject
Global
	GlobalSection(SolutionConfigurationPlatforms) = preSolution
		Debug|Any CPU = Debug|Any CPU
		Debug|iPhone = Debug|iPhone
		Debug|iPhoneSimulator = Debug|iPhoneSimulator
		Release|Any CPU = Release|Any CPU
		Release|iPhone = Release|iPhone
		Release|iPhoneSimulator = Release|iPhoneSimulator
	EndGlobalSection
	GlobalSection(ProjectConfigurationPlatforms) = postSolution
		{EDB1E2D8-6A74-4F78-88E1-5881AF3396FC}.Debug|Any CPU.ActiveCfg = Debug|Any CPU
		{EDB1E2D8-6A74-4F78-88E1-5881AF3396FC}.Debug|Any CPU.Build.0 = Debug|Any CPU
		{EDB1E2D8-6A74-4F78-88E1-5881AF3396FC}.Debug|Any CPU.Deploy.0 = Debug|Any CPU
		{EDB1E2D8-6A74-4F78-88E1-5881AF3396FC}.Debug|iPhone.ActiveCfg = Debug|Any CPU
		{EDB1E2D8-6A74-4F78-88E1-5881AF3396FC}.Debug|iPhone.Build.0 = Debug|Any CPU
		{EDB1E2D8-6A74-4F78-88E1-5881AF3396FC}.Debug|iPhone.Deploy.0 = Debug|Any CPU
		{EDB1E2D8-6A74-4F78-88E1-5881AF3396FC}.Debug|iPhoneSimulator.ActiveCfg = Debug|Any CPU
		{EDB1E2D8-6A74-4F78-88E1-5881AF3396FC}.Debug|iPhoneSimulator.Build.0 = Debug|Any CPU
		{EDB1E2D8-6A74-4F78-88E1-5881AF3396FC}.Debug|iPhoneSimulator.Deploy.0 = Debug|Any CPU
		{EDB1E2D8-6A74-4F78-88E1-5881AF3396FC}.Release|Any CPU.ActiveCfg = Release|Any CPU
		{EDB1E2D8-6A74-4F78-88E1-5881AF3396FC}.Release|Any CPU.Build.0 = Release|Any CPU
		{EDB1E2D8-6A74-4F78-88E1-5881AF3396FC}.Release|Any CPU.Deploy.0 = Release|Any CPU
		{EDB1E2D8-6A74-4F78-88E1-5881AF3396FC}.Release|iPhone.ActiveCfg = Release|Any CPU
		{EDB1E2D8-6A74-4F78-88E1-5881AF3396FC}.Release|iPhone.Build.0 = Release|Any CPU
		{EDB1E2D8-6A74-4F78-88E1-5881AF3396FC}.Release|iPhone.Deploy.0 = Release|Any CPU
		{EDB1E2D8-6A74-4F78-88E1-5881AF3396FC}.Release|iPhoneSimulator.ActiveCfg = Release|Any CPU
		{EDB1E2D8-6A74-4F78-88E1-5881AF3396FC}.Release|iPhoneSimulator.Build.0 = Release|Any CPU
		{EDB1E2D8-6A74-4F78-88E1-5881AF3396FC}.Release|iPhoneSimulator.Deploy.0 = Release|Any CPU
		{806F72E7-259A-41A3-848B-7CE08D2F3E91}.Debug|Any CPU.ActiveCfg = Debug|iPhone
		{806F72E7-259A-41A3-848B-7CE08D2F3E91}.Debug|Any CPU.Build.0 = Debug|iPhone
		{806F72E7-259A-41A3-848B-7CE08D2F3E91}.Debug|Any CPU.Deploy.0 = Debug|iPhone
		{806F72E7-259A-41A3-848B-7CE08D2F3E91}.Debug|iPhone.ActiveCfg = Debug|iPhone
		{806F72E7-259A-41A3-848B-7CE08D2F3E91}.Debug|iPhone.Build.0 = Debug|iPhone
		{806F72E7-259A-41A3-848B-7CE08D2F3E91}.Debug|iPhone.Deploy.0 = Debug|iPhone
		{806F72E7-259A-41A3-848B-7CE08D2F3E91}.Debug|iPhoneSimulator.ActiveCfg = Debug|iPhoneSimulator
		{806F72E7-259A-41A3-848B-7CE08D2F3E91}.Debug|iPhoneSimulator.Build.0 = Debug|iPhoneSimulator
		{806F72E7-259A-41A3-848B-7CE08D2F3E91}.Debug|iPhoneSimulator.Deploy.0 = Debug|iPhoneSimulator
		{806F72E7-259A-41A3-848B-7CE08D2F3E91}.Release|Any CPU.ActiveCfg = Release|iPhoneSimulator
		{806F72E7-259A-41A3-848B-7CE08D2F3E91}.Release|Any CPU.Build.0 = Release|iPhoneSimulator
		{806F72E7-259A-41A3-848B-7CE08D2F3E91}.Release|Any CPU.Deploy.0 = Release|iPhoneSimulator
		{806F72E7-259A-41A3-848B-7CE08D2F3E91}.Release|iPhone.ActiveCfg = Release|iPhone
		{806F72E7-259A-41A3-848B-7CE08D2F3E91}.Release|iPhone.Build.0 = Release|iPhone
		{806F72E7-259A-41A3-848B-7CE08D2F3E91}.Release|iPhone.Deploy.0 = Release|iPhone
		{806F72E7-259A-41A3-848B-7CE08D2F3E91}.Release|iPhoneSimulator.ActiveCfg = Release|iPhoneSimulator
		{806F72E7-259A-41A3-848B-7CE08D2F3E91}.Release|iPhoneSimulator.Build.0 = Release|iPhoneSimulator
		{806F72E7-259A-41A3-848B-7CE08D2F3E91}.Release|iPhoneSimulator.Deploy.0 = Release|iPhoneSimulator
		{49A02453-FA3F-4F24-9A45-43032BB1894F}.Debug|Any CPU.ActiveCfg = Debug|Any CPU
		{49A02453-FA3F-4F24-9A45-43032BB1894F}.Debug|Any CPU.Build.0 = Debug|Any CPU
		{49A02453-FA3F-4F24-9A45-43032BB1894F}.Debug|Any CPU.Deploy.0 = Debug|Any CPU
		{49A02453-FA3F-4F24-9A45-43032BB1894F}.Debug|iPhone.ActiveCfg = Debug|Any CPU
		{49A02453-FA3F-4F24-9A45-43032BB1894F}.Debug|iPhone.Build.0 = Debug|Any CPU
		{49A02453-FA3F-4F24-9A45-43032BB1894F}.Debug|iPhone.Deploy.0 = Debug|Any CPU
		{49A02453-FA3F-4F24-9A45-43032BB1894F}.Debug|iPhoneSimulator.ActiveCfg = Debug|Any CPU
		{49A02453-FA3F-4F24-9A45-43032BB1894F}.Debug|iPhoneSimulator.Build.0 = Debug|Any CPU
		{49A02453-FA3F-4F24-9A45-43032BB1894F}.Debug|iPhoneSimulator.Deploy.0 = Debug|Any CPU
		{49A02453-FA3F-4F24-9A45-43032BB1894F}.Release|Any CPU.ActiveCfg = Release|Any CPU
		{49A02453-FA3F-4F24-9A45-43032BB1894F}.Release|Any CPU.Build.0 = Release|Any CPU
		{49A02453-FA3F-4F24-9A45-43032BB1894F}.Release|Any CPU.Deploy.0 = Release|Any CPU
		{49A02453-FA3F-4F24-9A45-43032BB1894F}.Release|iPhone.ActiveCfg = Release|Any CPU
		{49A02453-FA3F-4F24-9A45-43032BB1894F}.Release|iPhone.Build.0 = Release|Any CPU
		{49A02453-FA3F-4F24-9A45-43032BB1894F}.Release|iPhone.Deploy.0 = Release|Any CPU
		{49A02453-FA3F-4F24-9A45-43032BB1894F}.Release|iPhoneSimulator.ActiveCfg = Release|Any CPU
		{49A02453-FA3F-4F24-9A45-43032BB1894F}.Release|iPhoneSimulator.Build.0 = Release|Any CPU
		{49A02453-FA3F-4F24-9A45-43032BB1894F}.Release|iPhoneSimulator.Deploy.0 = Release|Any CPU
	EndGlobalSection
	GlobalSection(SolutionProperties) = preSolution
		HideSolutionNode = FALSE
	EndGlobalSection
	GlobalSection(ExtensibilityGlobals) = postSolution
		SolutionGuid = {9A82A305-4268-4857-95B1-D8B5E6E305B1}
	EndGlobalSection
EndGlobal
